Microsoft Visual Studio Solution File, Format Version 12.00
# Visual Studio Version 16
VisualStudioVersion = 16.0.30413.136
MinimumVisualStudioVersion = 10.0.40219.1
Project("{2150E333-8FDC-42A3-9474-1A3956D46DE8}") = "src", "src", "{894E0D46-D489-4F02-89B3-74FF75B09320}"
EndProject
Project("{FAE04EC0-301F-11D3-BF4B-00C04F79EFBC}") = "WorkflowCore.Http", "WorkflowCore.Http\WorkflowCore.Http.csproj", "{D3AB589D-C868-4DF9-9227-455BF9DF000B}"
EndProject
Global
	GlobalSection(SolutionConfigurationPlatforms) = preSolution
		Debug|Any CPU = Debug|Any CPU
		Release|Any CPU = Release|Any CPU
	EndGlobalSection
	GlobalSection(ProjectConfigurationPlatforms) = postSolution
		{D3AB589D-C868-4DF9-9227-455BF9DF000B}.Debug|Any CPU.ActiveCfg = Debug|Any CPU
		{D3AB589D-C868-4DF9-9227-455BF9DF000B}.Debug|Any CPU.Build.0 = Debug|Any CPU
		{D3AB589D-C868-4DF9-9227-455BF9DF000B}.Release|Any CPU.ActiveCfg = Release|Any CPU
		{D3AB589D-C868-4DF9-9227-455BF9DF000B}.Release|Any CPU.Build.0 = Release|Any CPU
	EndGlobalSection
	GlobalSection(SolutionProperties) = preSolution
		HideSolutionNode = FALSE
	EndGlobalSection
	GlobalSection(NestedProjects) = preSolution
		{D3AB589D-C868-4DF9-9227-455BF9DF000B} = {894E0D46-D489-4F02-89B3-74FF75B09320}
	EndGlobalSection
	GlobalSection(ExtensibilityGlobals) = postSolution
		SolutionGuid = {F6887FB8-085D-4DD8-87B0-8BC19466B34E}
	EndGlobalSection
EndGlobal
